
Microsoft Visual Studio Solution File, Format Version 12.00
# Visual Studio Version 17
VisualStudioVersion = 17.13.35931.197
MinimumVisualStudioVersion = 10.0.40219.1
Project("{FAE04EC0-301F-11D3-BF4B-00C04F79EFBC}") = "SibCCSPETest.WebApi", "SibCCSPETest.WebApi\SibCCSPETest.WebApi.csproj", "{67DED122-3E1D-4AE3-B079-268DB498B7F8}"
EndProject
Project("{FAE04EC0-301F-11D3-BF4B-00C04F79EFBC}") = "SibCCSPETest.Data", "..\SibCCSPETest.Data\SibCCSPETest.Data\SibCCSPETest.Data.csproj", "{752E612B-F9FD-F9FF-79EC-150AFE2222D6}"
EndProject
Project("{FAE04EC0-301F-11D3-BF4B-00C04F79EFBC}") = "SibCCSPETest.Data.Interop", "..\SibCCSPETest.Data\SibCCSPETest.Data.Interop\SibCCSPETest.Data.Interop.csproj", "{48EFCA4D-8C5E-6CD5-73C0-135A1C67AD69}"
EndProject
Project("{FAE04EC0-301F-11D3-BF4B-00C04F79EFBC}") = "SibCCSPETest.ServiceBase.Interop", "..\SibCCSPETest.ServiceBase\SibCCSPETest.ServiceBase.Interop\SibCCSPETest.ServiceBase.Interop.csproj", "{C43206EA-AEAC-D410-09DB-35B67AC49FE6}"
EndProject
Global
	GlobalSection(SolutionConfigurationPlatforms) = preSolution
		Debug|Any CPU = Debug|Any CPU
		Release|Any CPU = Release|Any CPU
	EndGlobalSection
	GlobalSection(ProjectConfigurationPlatforms) = postSolution
		{67DED122-3E1D-4AE3-B079-268DB498B7F8}.Debug|Any CPU.ActiveCfg = Debug|Any CPU
		{67DED122-3E1D-4AE3-B079-268DB498B7F8}.Debug|Any CPU.Build.0 = Debug|Any CPU
		{67DED122-3E1D-4AE3-B079-268DB498B7F8}.Release|Any CPU.ActiveCfg = Release|Any CPU
		{67DED122-3E1D-4AE3-B079-268DB498B7F8}.Release|Any CPU.Build.0 = Release|Any CPU
		{752E612B-F9FD-F9FF-79EC-150AFE2222D6}.Debug|Any CPU.ActiveCfg = Debug|Any CPU
		{752E612B-F9FD-F9FF-79EC-150AFE2222D6}.Debug|Any CPU.Build.0 = Debug|Any CPU
		{752E612B-F9FD-F9FF-79EC-150AFE2222D6}.Release|Any CPU.ActiveCfg = Release|Any CPU
		{752E612B-F9FD-F9FF-79EC-150AFE2222D6}.Release|Any CPU.Build.0 = Release|Any CPU
		{48EFCA4D-8C5E-6CD5-73C0-135A1C67AD69}.Debug|Any CPU.ActiveCfg = Debug|Any CPU
		{48EFCA4D-8C5E-6CD5-73C0-135A1C67AD69}.Debug|Any CPU.Build.0 = Debug|Any CPU
		{48EFCA4D-8C5E-6CD5-73C0-135A1C67AD69}.Release|Any CPU.ActiveCfg = Release|Any CPU
		{48EFCA4D-8C5E-6CD5-73C0-135A1C67AD69}.Release|Any CPU.Build.0 = Release|Any CPU
		{C43206EA-AEAC-D410-09DB-35B67AC49FE6}.Debug|Any CPU.ActiveCfg = Debug|Any CPU
		{C43206EA-AEAC-D410-09DB-35B67AC49FE6}.Debug|Any CPU.Build.0 = Debug|Any CPU
		{C43206EA-AEAC-D410-09DB-35B67AC49FE6}.Release|Any CPU.ActiveCfg = Release|Any CPU
		{C43206EA-AEAC-D410-09DB-35B67AC49FE6}.Release|Any CPU.Build.0 = Release|Any CPU
	EndGlobalSection
	GlobalSection(SolutionProperties) = preSolution
		HideSolutionNode = FALSE
	EndGlobalSection
	GlobalSection(ExtensibilityGlobals) = postSolution
		SolutionGuid = {2327C091-5906-4D03-8CCC-F23BC646DB9F}
	EndGlobalSection
EndGlobal
